
Microsoft Visual Studio Solution File, Format Version 12.00
# Visual Studio Version 17
VisualStudioVersion = 17.9.34902.65
MinimumVisualStudioVersion = 10.0.40219.1
Project("{FAE04EC0-301F-11D3-BF4B-00C04F79EFBC}") = "Zapsinaya_knizka_new", "Zapsinaya_knizka_new\Zapsinaya_knizka_new.csproj", "{757E8024-C0E5-4506-8B1C-4778780C9A52}"
EndProject
Global
	GlobalSection(SolutionConfigurationPlatforms) = preSolution
		Debug|Any CPU = Debug|Any CPU
		Release|Any CPU = Release|Any CPU
	EndGlobalSection
	GlobalSection(ProjectConfigurationPlatforms) = postSolution
		{757E8024-C0E5-4506-8B1C-4778780C9A52}.Debug|Any CPU.ActiveCfg = Debug|Any CPU
		{757E8024-C0E5-4506-8B1C-4778780C9A52}.Debug|Any CPU.Build.0 = Debug|Any CPU
		{757E8024-C0E5-4506-8B1C-4778780C9A52}.Release|Any CPU.ActiveCfg = Release|Any CPU
		{757E8024-C0E5-4506-8B1C-4778780C9A52}.Release|Any CPU.Build.0 = Release|Any CPU
	EndGlobalSection
	GlobalSection(SolutionProperties) = preSolution
		HideSolutionNode = FALSE
	EndGlobalSection
	GlobalSection(ExtensibilityGlobals) = postSolution
		SolutionGuid = {13C9C326-5BA2-4559-A224-9DC86DE0AE16}
	EndGlobalSection
EndGlobal
